<?xml version="1.0" encoding="utf-8"?>
<Project ToolsVersion="4.0" xmlns="http://schemas.microsoft.com/developer/msbuild/2003">
  <ItemGroup>
    <Filter Include="소스 파일">
      <UniqueIdentifier>{4FC737F1-C7A5-4376-A066-2A32D752A2FF}</UniqueIdentifier>
      <Extensions>cpp;c;cc;cxx;def;odl;idl;hpj;bat;asm;asmx</Extensions>
    </Filter>
    <Filter Include="헤더 파일">
      <UniqueIdentifier>{93995380-89BD-4b04-88EB-625FBE52EBFB}</UniqueIdentifier>
      <Extensions>h;hh;hpp;hxx;hm;inl;inc;xsd</Extensions>
    </Filter>
    <Filter Include="리소스 파일">
      <UniqueIdentifier>{67DA6AB6-F800-4c08-8B7A-83BB121AAD01}</UniqueIdentifier>
      <Extensions>rc;ico;cur;bmp;dlg;rc2;rct;bin;rgs;gif;jpg;jpeg;jpe;resx;tiff;tif;png;wav;mfcribbon-ms</Extensions>
    </Filter>
    <Filter Include="Core">
      <UniqueIdentifier>{4749cb1b-2944-448a-8d8f-bbad1e2303a4}</UniqueIdentifier>
    </Filter>
    <Filter Include="Core\Source">
      <UniqueIdentifier>{2a9d7d15-02e6-48d8-9e02-a58bbd27839b}</UniqueIdentifier>
    </Filter>
    <Filter Include="Core\Header">
      <UniqueIdentifier>{af25d8bd-23c5-4750-898c-e0b0effa8643}</UniqueIdentifier>
    </Filter>
  </ItemGroup>
  <ItemGroup>
    <ClCompile Include="main.cpp">
      <Filter>소스 파일</Filter>
    </ClCompile>
    <ClCompile Include="MnConstantBuffer.cpp">
      <Filter>소스 파일</Filter>
    </ClCompile>
    <ClCompile Include="MnCustomVertexType.cpp">
      <Filter>소스 파일</Filter>
    </ClCompile>
    <ClCompile Include="MnD3DDevice.cpp">
      <Filter>소스 파일</Filter>
    </ClCompile>
    <ClCompile Include="MnDepthStencilBuffer.cpp">
      <Filter>소스 파일</Filter>
    </ClCompile>
    <ClCompile Include="MnDepthStencilState.cpp">
      <Filter>소스 파일</Filter>
    </ClCompile>
    <ClCompile Include="MnDisplayDevice.cpp">
      <Filter>소스 파일</Filter>
    </ClCompile>
    <ClCompile Include="MnGpuBuffer.cpp">
      <Filter>소스 파일</Filter>
    </ClCompile>
    <ClCompile Include="MnHardware.cpp">
      <Filter>소스 파일</Filter>
    </ClCompile>
    <ClCompile Include="MnIndexBuffer.cpp">
      <Filter>소스 파일</Filter>
    </ClCompile>
    <ClCompile Include="MnInputElement.cpp">
      <Filter>소스 파일</Filter>
    </ClCompile>
    <ClCompile Include="MnInputLayout.cpp">
      <Filter>소스 파일</Filter>
    </ClCompile>
    <ClCompile Include="MnPixelShader.cpp">
      <Filter>소스 파일</Filter>
    </ClCompile>
    <ClCompile Include="MnRasterizerState.cpp">
      <Filter>소스 파일</Filter>
    </ClCompile>
    <ClCompile Include="MnRenderTargetView.cpp">
      <Filter>소스 파일</Filter>
    </ClCompile>
    <ClCompile Include="MnRenderWindow.cpp">
      <Filter>소스 파일</Filter>
    </ClCompile>
    <ClCompile Include="MnSwapChain.cpp">
      <Filter>소스 파일</Filter>
    </ClCompile>
    <ClCompile Include="MnTexture2D.cpp">
      <Filter>소스 파일</Filter>
    </ClCompile>
    <ClCompile Include="MnVertexBuffer.cpp">
      <Filter>소스 파일</Filter>
    </ClCompile>
    <ClCompile Include="MnVertexShader.cpp">
      <Filter>소스 파일</Filter>
    </ClCompile>
    <ClCompile Include="MnVideoAdapter.cpp">
      <Filter>소스 파일</Filter>
    </ClCompile>
    <ClCompile Include="MnViewport.cpp">
      <Filter>소스 파일</Filter>
    </ClCompile>
    <ClCompile Include="MnRenderAPI.cpp">
      <Filter>소스 파일</Filter>
    </ClCompile>
    <ClCompile Include="MnWindow.cpp">
      <Filter>소스 파일</Filter>
    </ClCompile>
  </ItemGroup>
  <ItemGroup>
    <ClInclude Include="MNL.h">
      <Filter>헤더 파일</Filter>
    </ClInclude>
    <ClInclude Include="MnD3DDevice.h">
      <Filter>헤더 파일</Filter>
    </ClInclude>
    <ClInclude Include="MnVertexShader.h">
      <Filter>헤더 파일</Filter>
    </ClInclude>
    <ClInclude Include="MnPixelShader.h">
      <Filter>헤더 파일</Filter>
    </ClInclude>
    <ClInclude Include="MnHardware.h">
      <Filter>헤더 파일</Filter>
    </ClInclude>
    <ClInclude Include="MnDisplayDevice.h">
      <Filter>헤더 파일</Filter>
    </ClInclude>
    <ClInclude Include="MnVideoAdapter.h">
      <Filter>헤더 파일</Filter>
    </ClInclude>
    <ClInclude Include="MnRenderWindow.h">
      <Filter>헤더 파일</Filter>
    </ClInclude>
    <ClInclude Include="MnDepthStencilBuffer.h">
      <Filter>헤더 파일</Filter>
    </ClInclude>
    <ClInclude Include="MnConstantBuffer.h">
      <Filter>헤더 파일</Filter>
    </ClInclude>
    <ClInclude Include="MnVertexBuffer.h">
      <Filter>헤더 파일</Filter>
    </ClInclude>
    <ClInclude Include="MnIndexBuffer.h">
      <Filter>헤더 파일</Filter>
    </ClInclude>
    <ClInclude Include="MnGpuBuffer.h">
      <Filter>헤더 파일</Filter>
    </ClInclude>
    <ClInclude Include="MnInputLayout.h">
      <Filter>헤더 파일</Filter>
    </ClInclude>
    <ClInclude Include="MnCustomVertexType.h">
      <Filter>헤더 파일</Filter>
    </ClInclude>
    <ClInclude Include="MnInputElement.h">
      <Filter>헤더 파일</Filter>
    </ClInclude>
    <ClInclude Include="MnSwapChain.h">
      <Filter>헤더 파일</Filter>
    </ClInclude>
    <ClInclude Include="MnMacros.h">
      <Filter>헤더 파일</Filter>
    </ClInclude>
    <ClInclude Include="MnRenderTargetView.h">
      <Filter>헤더 파일</Filter>
    </ClInclude>
    <ClInclude Include="MnDepthStencilState.h">
      <Filter>헤더 파일</Filter>
    </ClInclude>
    <ClInclude Include="MnRasterizerState.h">
      <Filter>헤더 파일</Filter>
    </ClInclude>
    <ClInclude Include="MnViewport.h">
      <Filter>헤더 파일</Filter>
    </ClInclude>
    <ClInclude Include="MnRenderAPI.h">
      <Filter>헤더 파일</Filter>
    </ClInclude>
    <ClInclude Include="MnWindow.h">
      <Filter>헤더 파일</Filter>
    </ClInclude>
    <ClInclude Include="MnTexture2D.h">
      <Filter>헤더 파일</Filter>
    </ClInclude>
    <ClInclude Include="MnTypedefs.h">
      <Filter>헤더 파일</Filter>
    </ClInclude>
  </ItemGroup>
</Project>