<?xml version="1.0" encoding="utf-8"?>
<Project ToolsVersion="4.0" xmlns="http://schemas.microsoft.com/developer/msbuild/2003">
  <ItemGroup>
    <Filter Include="소스 파일">
      <UniqueIdentifier>{4FC737F1-C7A5-4376-A066-2A32D752A2FF}</UniqueIdentifier>
      <Extensions>cpp;c;cc;cxx;def;odl;idl;hpj;bat;asm;asmx</Extensions>
    </Filter>
    <Filter Include="헤더 파일">
      <UniqueIdentifier>{93995380-89BD-4b04-88EB-625FBE52EBFB}</UniqueIdentifier>
      <Extensions>h;hh;hpp;hxx;hm;inl;inc;xsd</Extensions>
    </Filter>
    <Filter Include="리소스 파일">
      <UniqueIdentifier>{67DA6AB6-F800-4c08-8B7A-83BB121AAD01}</UniqueIdentifier>
      <Extensions>rc;ico;cur;bmp;dlg;rc2;rct;bin;rgs;gif;jpg;jpeg;jpe;resx;tiff;tif;png;wav;mfcribbon-ms</Extensions>
    </Filter>
    <Filter Include="Core">
      <UniqueIdentifier>{4749cb1b-2944-448a-8d8f-bbad1e2303a4}</UniqueIdentifier>
    </Filter>
    <Filter Include="Core\Source">
      <UniqueIdentifier>{2a9d7d15-02e6-48d8-9e02-a58bbd27839b}</UniqueIdentifier>
    </Filter>
    <Filter Include="Core\Header">
      <UniqueIdentifier>{af25d8bd-23c5-4750-898c-e0b0effa8643}</UniqueIdentifier>
    </Filter>
  </ItemGroup>
  <ItemGroup>
    <ClCompile Include="main.cpp">
      <Filter>소스 파일</Filter>
    </ClCompile>
    <ClCompile Include="Core\MnConstantBuffer.cpp">
      <Filter>Core\Source</Filter>
    </ClCompile>
    <ClCompile Include="Core\MnCustomVertexType.cpp">
      <Filter>Core\Source</Filter>
    </ClCompile>
    <ClCompile Include="Core\MnD3DDevice.cpp">
      <Filter>Core\Source</Filter>
    </ClCompile>
    <ClCompile Include="Core\MnDepthStencilBuffer.cpp">
      <Filter>Core\Source</Filter>
    </ClCompile>
    <ClCompile Include="Core\MnDepthStencilState.cpp">
      <Filter>Core\Source</Filter>
    </ClCompile>
    <ClCompile Include="Core\MnDisplayDevice.cpp">
      <Filter>Core\Source</Filter>
    </ClCompile>
    <ClCompile Include="Core\MnGpuBuffer.cpp">
      <Filter>Core\Source</Filter>
    </ClCompile>
    <ClCompile Include="Core\MnHardware.cpp">
      <Filter>Core\Source</Filter>
    </ClCompile>
    <ClCompile Include="Core\MnIndexBuffer.cpp">
      <Filter>Core\Source</Filter>
    </ClCompile>
    <ClCompile Include="Core\MnInputElement.cpp">
      <Filter>Core\Source</Filter>
    </ClCompile>
    <ClCompile Include="Core\MnInputLayout.cpp">
      <Filter>Core\Source</Filter>
    </ClCompile>
    <ClCompile Include="Core\MnPixelShader.cpp">
      <Filter>Core\Source</Filter>
    </ClCompile>
    <ClCompile Include="Core\MnRasterizerState.cpp">
      <Filter>Core\Source</Filter>
    </ClCompile>
    <ClCompile Include="Core\MnRenderAPI.cpp">
      <Filter>Core\Source</Filter>
    </ClCompile>
    <ClCompile Include="Core\MnRenderTargetView.cpp">
      <Filter>Core\Source</Filter>
    </ClCompile>
    <ClCompile Include="Core\MnRenderWindow.cpp">
      <Filter>Core\Source</Filter>
    </ClCompile>
    <ClCompile Include="Core\MnSwapChain.cpp">
      <Filter>Core\Source</Filter>
    </ClCompile>
    <ClCompile Include="Core\MnTexture2D.cpp">
      <Filter>Core\Source</Filter>
    </ClCompile>
    <ClCompile Include="Core\MnVertexBuffer.cpp">
      <Filter>Core\Source</Filter>
    </ClCompile>
    <ClCompile Include="Core\MnVertexShader.cpp">
      <Filter>Core\Source</Filter>
    </ClCompile>
    <ClCompile Include="Core\MnVideoAdapter.cpp">
      <Filter>Core\Source</Filter>
    </ClCompile>
    <ClCompile Include="Core\MnViewport.cpp">
      <Filter>Core\Source</Filter>
    </ClCompile>
    <ClCompile Include="Core\MnWindow.cpp">
      <Filter>Core\Source</Filter>
    </ClCompile>
  </ItemGroup>
  <ItemGroup>
    <ClInclude Include="MNL.h">
      <Filter>헤더 파일</Filter>
    </ClInclude>
    <ClInclude Include="Core\MnConstantBuffer.h">
      <Filter>Core\Header</Filter>
    </ClInclude>
    <ClInclude Include="Core\MnCustomVertexType.h">
      <Filter>Core\Header</Filter>
    </ClInclude>
    <ClInclude Include="Core\MnD3DDevice.h">
      <Filter>Core\Header</Filter>
    </ClInclude>
    <ClInclude Include="Core\MnDepthStencilBuffer.h">
      <Filter>Core\Header</Filter>
    </ClInclude>
    <ClInclude Include="Core\MnDepthStencilState.h">
      <Filter>Core\Header</Filter>
    </ClInclude>
    <ClInclude Include="Core\MnDisplayDevice.h">
      <Filter>Core\Header</Filter>
    </ClInclude>
    <ClInclude Include="Core\MnGpuBuffer.h">
      <Filter>Core\Header</Filter>
    </ClInclude>
    <ClInclude Include="Core\MnHardware.h">
      <Filter>Core\Header</Filter>
    </ClInclude>
    <ClInclude Include="Core\MnIndexBuffer.h">
      <Filter>Core\Header</Filter>
    </ClInclude>
    <ClInclude Include="Core\MnInputElement.h">
      <Filter>Core\Header</Filter>
    </ClInclude>
    <ClInclude Include="Core\MnInputLayout.h">
      <Filter>Core\Header</Filter>
    </ClInclude>
    <ClInclude Include="Core\MnPixelShader.h">
      <Filter>Core\Header</Filter>
    </ClInclude>
    <ClInclude Include="Core\MnRasterizerState.h">
      <Filter>Core\Header</Filter>
    </ClInclude>
    <ClInclude Include="Core\MnRenderAPI.h">
      <Filter>Core\Header</Filter>
    </ClInclude>
    <ClInclude Include="Core\MnRenderTargetView.h">
      <Filter>Core\Header</Filter>
    </ClInclude>
    <ClInclude Include="Core\MnRenderWindow.h">
      <Filter>Core\Header</Filter>
    </ClInclude>
    <ClInclude Include="Core\MnSwapChain.h">
      <Filter>Core\Header</Filter>
    </ClInclude>
    <ClInclude Include="Core\MnTexture2D.h">
      <Filter>Core\Header</Filter>
    </ClInclude>
    <ClInclude Include="Core\MnVertexBuffer.h">
      <Filter>Core\Header</Filter>
    </ClInclude>
    <ClInclude Include="Core\MnVertexShader.h">
      <Filter>Core\Header</Filter>
    </ClInclude>
    <ClInclude Include="Core\MnVideoAdapter.h">
      <Filter>Core\Header</Filter>
    </ClInclude>
    <ClInclude Include="Core\MnViewport.h">
      <Filter>Core\Header</Filter>
    </ClInclude>
    <ClInclude Include="Core\MnWindow.h">
      <Filter>Core\Header</Filter>
    </ClInclude>
    <ClInclude Include="Core\MnTypedefs.h">
      <Filter>Core\Header</Filter>
    </ClInclude>
    <ClInclude Include="Core\MnMacros.h">
      <Filter>Core\Header</Filter>
    </ClInclude>
  </ItemGroup>
</Project>